
Microsoft Visual Studio Solution File, Format Version 12.00
# Visual Studio Version 17
VisualStudioVersion = 17.3.32811.315
MinimumVisualStudioVersion = 10.0.40219.1
Project("{8BC9CEB8-8B4A-11D0-8D11-00A0C91BC942}") = "Teste", "Teste\Teste.vcxproj", "{7A2F1ACE-DE39-4839-B42A-C1C3C876FA47}"
EndProject
Project("{8BC9CEB8-8B4A-11D0-8D11-00A0C91BC942}") = "ConsoleApplication1", "ConsoleApplication1\ConsoleApplication1.vcxproj", "{C5043EE5-2BAF-4097-A5F3-8C5A7F03FE82}"
EndProject
Global
	GlobalSection(SolutionConfigurationPlatforms) = preSolution
		Debug|x64 = Debug|x64
		Debug|x86 = Debug|x86
		Release|x64 = Release|x64
		Release|x86 = Release|x86
	EndGlobalSection
	GlobalSection(ProjectConfigurationPlatforms) = postSolution
		{7A2F1ACE-DE39-4839-B42A-C1C3C876FA47}.Debug|x64.ActiveCfg = Debug|x64
		{7A2F1ACE-DE39-4839-B42A-C1C3C876FA47}.Debug|x64.Build.0 = Debug|x64
		{7A2F1ACE-DE39-4839-B42A-C1C3C876FA47}.Debug|x86.ActiveCfg = Debug|Win32
		{7A2F1ACE-DE39-4839-B42A-C1C3C876FA47}.Debug|x86.Build.0 = Debug|Win32
		{7A2F1ACE-DE39-4839-B42A-C1C3C876FA47}.Release|x64.ActiveCfg = Release|x64
		{7A2F1ACE-DE39-4839-B42A-C1C3C876FA47}.Release|x64.Build.0 = Release|x64
		{7A2F1ACE-DE39-4839-B42A-C1C3C876FA47}.Release|x86.ActiveCfg = Release|Win32
		{7A2F1ACE-DE39-4839-B42A-C1C3C876FA47}.Release|x86.Build.0 = Release|Win32
		{C5043EE5-2BAF-4097-A5F3-8C5A7F03FE82}.Debug|x64.ActiveCfg = Debug|x64
		{C5043EE5-2BAF-4097-A5F3-8C5A7F03FE82}.Debug|x64.Build.0 = Debug|x64
		{C5043EE5-2BAF-4097-A5F3-8C5A7F03FE82}.Debug|x86.ActiveCfg = Debug|Win32
		{C5043EE5-2BAF-4097-A5F3-8C5A7F03FE82}.Debug|x86.Build.0 = Debug|Win32
		{C5043EE5-2BAF-4097-A5F3-8C5A7F03FE82}.Release|x64.ActiveCfg = Release|x64
		{C5043EE5-2BAF-4097-A5F3-8C5A7F03FE82}.Release|x64.Build.0 = Release|x64
		{C5043EE5-2BAF-4097-A5F3-8C5A7F03FE82}.Release|x86.ActiveCfg = Release|Win32
		{C5043EE5-2BAF-4097-A5F3-8C5A7F03FE82}.Release|x86.Build.0 = Release|Win32
	EndGlobalSection
	GlobalSection(SolutionProperties) = preSolution
		HideSolutionNode = FALSE
	EndGlobalSection
	GlobalSection(ExtensibilityGlobals) = postSolution
		SolutionGuid = {5FC100F0-8B3D-43D0-BF6C-07EE5C542927}
	EndGlobalSection
EndGlobal
