
Microsoft Visual Studio Solution File, Format Version 12.00
# Visual Studio Version 17
VisualStudioVersion = 17.3.32804.467
MinimumVisualStudioVersion = 10.0.40219.1
Project("{8BC9CEB8-8B4A-11D0-8D11-00A0C91BC942}") = "Atividade1", "Atividade1\Atividade1.vcxproj", "{05B4EFAF-DC42-481D-8F50-7AB90BD1C7AC}"
EndProject
Project("{2150E333-8FDC-42A3-9474-1A3956D46DE8}") = "Atividades", "Atividades", "{758F2667-6E35-4CF1-A0AD-FCAE65F27087}"
EndProject
Project("{8BC9CEB8-8B4A-11D0-8D11-00A0C91BC942}") = "Atividade2", "Atividade2\Atividade2.vcxproj", "{8D98F1BE-D5EB-4138-8653-4BD7F5438A5E}"
EndProject
Global
	GlobalSection(SolutionConfigurationPlatforms) = preSolution
		Debug|x64 = Debug|x64
		Debug|x86 = Debug|x86
		Release|x64 = Release|x64
		Release|x86 = Release|x86
	EndGlobalSection
	GlobalSection(ProjectConfigurationPlatforms) = postSolution
		{05B4EFAF-DC42-481D-8F50-7AB90BD1C7AC}.Debug|x64.ActiveCfg = Debug|x64
		{05B4EFAF-DC42-481D-8F50-7AB90BD1C7AC}.Debug|x64.Build.0 = Debug|x64
		{05B4EFAF-DC42-481D-8F50-7AB90BD1C7AC}.Debug|x86.ActiveCfg = Debug|Win32
		{05B4EFAF-DC42-481D-8F50-7AB90BD1C7AC}.Debug|x86.Build.0 = Debug|Win32
		{05B4EFAF-DC42-481D-8F50-7AB90BD1C7AC}.Release|x64.ActiveCfg = Release|x64
		{05B4EFAF-DC42-481D-8F50-7AB90BD1C7AC}.Release|x64.Build.0 = Release|x64
		{05B4EFAF-DC42-481D-8F50-7AB90BD1C7AC}.Release|x86.ActiveCfg = Release|Win32
		{05B4EFAF-DC42-481D-8F50-7AB90BD1C7AC}.Release|x86.Build.0 = Release|Win32
		{8D98F1BE-D5EB-4138-8653-4BD7F5438A5E}.Debug|x64.ActiveCfg = Debug|x64
		{8D98F1BE-D5EB-4138-8653-4BD7F5438A5E}.Debug|x64.Build.0 = Debug|x64
		{8D98F1BE-D5EB-4138-8653-4BD7F5438A5E}.Debug|x86.ActiveCfg = Debug|Win32
		{8D98F1BE-D5EB-4138-8653-4BD7F5438A5E}.Debug|x86.Build.0 = Debug|Win32
		{8D98F1BE-D5EB-4138-8653-4BD7F5438A5E}.Release|x64.ActiveCfg = Release|x64
		{8D98F1BE-D5EB-4138-8653-4BD7F5438A5E}.Release|x64.Build.0 = Release|x64
		{8D98F1BE-D5EB-4138-8653-4BD7F5438A5E}.Release|x86.ActiveCfg = Release|Win32
		{8D98F1BE-D5EB-4138-8653-4BD7F5438A5E}.Release|x86.Build.0 = Release|Win32
	EndGlobalSection
	GlobalSection(SolutionProperties) = preSolution
		HideSolutionNode = FALSE
	EndGlobalSection
	GlobalSection(NestedProjects) = preSolution
		{05B4EFAF-DC42-481D-8F50-7AB90BD1C7AC} = {758F2667-6E35-4CF1-A0AD-FCAE65F27087}
		{8D98F1BE-D5EB-4138-8653-4BD7F5438A5E} = {758F2667-6E35-4CF1-A0AD-FCAE65F27087}
	EndGlobalSection
	GlobalSection(ExtensibilityGlobals) = postSolution
		SolutionGuid = {A01A7624-F572-4BFD-988A-DEC8A5EF9045}
	EndGlobalSection
EndGlobal
